# Frozen surfaces for one experiment.
#
# contract/constraints.md holds the rules and the reasoning; this file holds only the
# values, so that "frozen" is checkable rather than aspirational. Every field here is
# asserted mechanically before a run starts — nothing in this file is documentation.
#
# Changing any value invalidates cross-generation comparison. Start a new experiment
# instead, and say so in the results directory.

# "Say so in the results directory" is mechanical, not aspirational: seq + name derive the
# experiment id (`<seq, zero-padded to 3>_<name>`, here 001_bm25-sonnet46) naming the freeze
# the values below define, and every run writes under results/experiment_<id>/<generation>/
# — the runner refuses any other results/ path. One experiment is one freeze: re-deciding a
# frozen value means bumping `seq` here (a NEW experiment), never a new value under the old
# one; `name` is a configuration nickname and may repeat across experiments — the sequence
# is the identity.
#
# NUMBERING RESET 2026-08-13 (user-directed fresh start): every pre-protocol bring-up
# artifact was cleared from the working tree and lives in git history — including the
# bring-up freeze that previously held the id 001_bm25-sonnet46 (its closure README is at
# that path in history) and the 002 bring-up runs. Seq 1 froze the debug experiment
# (D10 sizes) and was VOIDED the same day at H0: task_034 deterministically crashes τ's
# text-mode user simulator under real agents, a frozen-surface defect — see
# results/experiment_001_bm25-sonnet46/README.md. Seq 2 ran the debug experiment to
# completion and is REVEALED (results/experiment_002_bm25-sonnet46/). Seq 3 held the
# powered experiment's bring-up — the D12/D13/D14 model-pair detours, calibration
# pilots and seam validations archived under results/experiment_003_powered-bm25-*/
# — and stays theirs. Seq 4 IS the powered experiment — the tier between debug and
# full, sized from seq-2 actuals by
# results/experiment_002_bm25-sonnet46/SIZING_ANALYSIS.md (plan D11): G=5/B=8/T=28 on
# a fresh 76-task pool; REVEALED 2026-08-15 — endpoint -2 tasks inside the ±9 pp band,
# trend p=0.802, no improvement demonstrated; the loop's machinery held (208 episodes,
# zero seam incidents, all twenty §29 guardrails). Seq 5 IS the loop-reliability
# experiment (plan D17/D18/D19): batch_mode fixed + num_trials 3 asks the prerequisite
# question seq 4 could not answer — can the loop fix what it stares at? Run at a
# REDUCED G=2 (plan D20, user-authorized 2026-08-15) — two mutation slots plus the
# endpoint round, enough to exercise every loop mechanic at ~40% of the episode cost;
# the design question is loop mechanics, not curve power. Seq 5 REVEALED 2026-08-16:
# the paired batch endpoint test gave p = 1.0000 with the curve 4.2% -> 8.3% -> 0.0%,
# held-out endpoint +0.0 pp — against the frozen reading key, "B flat -> the meta-agent
# is the problem". Seq 6 IS that experiment repeated at G=6 with composite improvement
# sets (see the seq-6 header below); it REVEALED 2026-08-16 — pre-registered primary NULL
# (paired batch endpoint p = 1.0000, curve ending below baseline), secondary held-out trend
# z = 1.77 / p = 0.038 on a triple-exposed set, so no capability claim. Seq 7 is unused.
# Seq 8 IS the stratified-batch experiment defined in its own block below; the full T=47
# run is deferred past it.
#
# PARITY CONVENTION (plan D15, 2026-08-15): EVEN seqs are stable, reportable
# experiments; ODD seqs are experimentation — bring-up, detours, voided freezes
# (1 = voided debug, 3 = powered bring-up). Parity layers on the freeze discipline
# and never replaces it: a re-decide still bumps seq, to the next number of the
# right parity. Reused ids are unambiguous mechanically: each freeze is identified
# by its own results/ snapshot fingerprint.
#
# SEQ 6 (plan D23, 2026-08-16, user-directed): the loop-reliability design REPEATED at
# full mutation depth and with composite improvement sets. Seq 5 answered its question
# ("can the loop fix what it stares at?") with *no* at G=2, and named the reason: seven
# of seven mutations across seq 4 + seq 5 were single changes, six of them `SYSTEM.md`
# text, four of which failed because an instruction does not inherit the scope its author
# reasoned about. Seq 6 changes exactly two things and holds every measured surface
# constant: G 2 -> 6 (six mutation slots, so a compounding loop has room to show), and
# improvement SETS per generation (plan D22) with the recipe's growth surfaces —
# Pi skill, extension tool, sub-agent — first-class. Same fixed 8 batch tasks, same
# T=28 held-out set, same model pair, same budgets, same seed: the instrument is
# unchanged so the seq-5 curve is the direct comparison.
#
# Seq 6 is EVEN, and D15's parity convention is satisfied on its own terms — it is a
# reportable experiment run to completion — but the number was pencilled in D11/D15 for
# the full T=47 run. The user overrode that on 2026-08-16 (recorded in D23, not
# relitigated): loop mechanics at depth outrank curve power while the loop has not yet
# been shown to improve anything at all.
#
# SEQ 8 (plan D28, 2026-08-16, user-directed): the SAME design as seq 6 — fixed batch,
# G=6, B=8, T=28, num_trials 3, luna on both halves, bm25, seed 300, every budget and both
# concurrency defaults carried UNCHANGED — with exactly two things moved, both of them
# instrument repairs the seq-6 independent review demanded and D25/D26 encoded:
#
#   1. THE BATCH IS STRATIFIED (plan D25 rule 1). Seq 5 hand-picked eight known-fails;
#      five of them never passed once in 168 episodes, so the pre-registered primary
#      reduced to one task's day-to-day variance and a regression on anything the harness
#      already did well was invisible by construction. Seq 8's eight span measured strata
#      under the incumbent H0 — anchors (reliable passes: regression detectors), marginals
#      (the band three trials resolve), headroom (fails whose modes the NOW-AVAILABLE
#      structural surfaces can plausibly address) — with each task's stratum and the
#      composition rationale in benchmark/split_manifest.yaml's header and the anchor tier
#      verified by a pre-partition calibration probe
#      (benchmark/probes/2026-08-16-anchor-calibration/). The endpoint test therefore has
#      dynamic range in BOTH directions for the first time.
#   2. THE READING KEY IS MECHANICAL (plan D25 rule 3). `protocol.reading_key` below names
#      all nine primary × secondary cells, lock-validated. Seq 6 observed primary-down /
#      secondary-up, a cell its prose key never named, and its closure had to adjudicate
#      off-key.
#
# THE SEAM CHANGED UNDER D24, so NOTHING in seq 8 is comparable to seq ≤ 6: registry-
# declared Pi-local tool calls are executed by Pi and suppressed from τ (no step, none of
# the ten max_errors), which re-opens extension tools and sub-agents as real mutation
# surfaces for the first time in this project. Three experiments of prose-only mutation
# are the standing prior; the structural surfaces are the live hypothesis, and the D26
# concentration flag is now a positive obligation rather than a justification duty. Every
# curve this experiment renders states the non-comparability.
#
# SEQ 10 (plan D34, 2026-08-17, user-delegated): THE BOTH-CURVES EXPERIMENT. Every prior
# null is explained by a violated precondition, and seq 10 is the first design where all
# five hold at once:
#
#   (a) REACHABLE ROOM IN THE BATCH. Seq 8's batch held ~5 reachable failing cells and was
#       saturated by round 5 (15/15 non-walled cells passed at its peak) under a null
#       primary. Seq 10's B=12 holds **17 reachable failing cells at H0** — 2 anchors at
#       3/3 plus ten tasks measured in the 1/3–2/3 marginal band by a 38-candidate,
#       114-episode pre-partition screen (benchmark/probes/2026-08-17-seq10-screen/). The
#       band filled every slot, so this batch admits NO headroom tier and NO walled task:
#       every non-anchor task is one the incumbent H0 demonstrably passes sometimes and
#       fails sometimes, which is a stronger reachability certificate than any
#       classification of a never-passing task.
#   (b) AN INSTRUMENT THAT CAN SAY YES. Movable = 10 of 12, five movers needed at α=0.05,
#       attainable-p floor 2^-10 — versus seq 8's five-needed-from-six-with-three-walled.
#       The envelope is computed at freeze (gates/power_envelope.json), not at closure.
#   (c) KNOWN NOISE. `identity_generations: [1]` pre-registers gen-001 as a behavioural
#       identity: batch_02 is the A/A measurement, taken BEFORE the first mutation rather
#       than discovered by accident in round 6, and it pools the primary's H0 baseline to
#       six trials per task (batch_01 + batch_02).
#   (d) SURFACES BEYOND PROSE USABLE. D24 re-opened extension tools and sub-agents; D31
#       gave all four growth surfaces a committed zero-state template; the pre-freeze
#       suppression canary (gates/suppression_canary.json) converts platform-lane
#       suppression from an assumption into a measurement; and D29's surface-general
#       concentration ladder plus adoption-first first-use make the attempt a one-round
#       bet. Seq 8 ran the D24 seam pump-path-only — pi_local_calls = 0 across 168
#       platform episodes — and landed six of six changes on one surface.
#   (e) CRAFT LESSONS PERSISTING. sia recall + schema-v4 records (per-clause falsifiers,
#       adoption_stage/adoption_criteria, host_facts linted against
#       benchmark/probes/host_facts.yaml) carry them under the D33 recall scope.
#
# THE HELD-OUT SET IS PURE-HOLDOUT AND CARRIES A CAPABILITY CLAIM — the first since the
# project began (plan D33). T=36 = the legacy 28 + seq-2's 8 never-batched tasks. Every
# one of the 36 has ZERO in-loop (batch) exposure in every experiment: the loop has never
# read one of their transcripts as diagnosis evidence. What they do have is prior held-out
# exposure, declared per source in benchmark/partition_reuse.yaml, and D33 re-grades that
# channel: batch-used tasks stay burnt forever, while holdout-only tasks are claim-eligible
# under the CROSS-EXPERIMENT FIREWALL — in-loop decisions are grounded in improvement
# batches only, current and past, and held-out artifacts of every experiment (revealed
# included) stay outside in-loop recall without expiry. The claim seq 10 may make therefore
# rests on a stated PROCEDURAL basis, in those words, wherever it is reported. The
# unqualified zero-exposure claim needs a pool no prior experiment touched — a domain
# decision, user-owned, pencilled seq 12.
#
# AUTONOMY (D23's envelope, re-registered by D34 and ratified at this freeze):
# require_human_approval stays false — every in-loop decision, PR merge included, is the
# orchestrator's. What the delegation does NOT cover is unchanged and still enforced
# mechanically: the frozen surfaces, the partition, the <policy> block, and the held-out
# firewall. Autonomy is decision authority, never access. A freeze re-decision, a suspected
# seam defect, a D8 viability read, or projected spend past the budget remains a
# halt-and-report to the user in either mode.
#
# Seq 10 is EVEN per D15: a reportable experiment. Seq 7 and seq 9 were never cut.
# Results under the D24 seam (seq 8 onward) are not comparable to seq ≤ 6.
# SEQ 11 — PHASE 0, THE CEILING PROBE (plan D36 / Phase 5.11, 2026-08-18). NOT an
# experiment: an ODD seq per D15's parity convention, cut PROVISIONAL because probes are
# exactly what an unenforced status is for. Nothing here is measured as a generation, no
# partition is frozen, no improvement record is written, and no result under
# results/experiment_011_ceiling-probe/ is reportable as a curve.
#
# WHY IT EXISTS. Four experiments asked "did the score go up" against an unknown maximum,
# so four nulls left "the loop failed" and "there was nothing to find" equally alive.
# Phase 0 measures the maximum: H0-current and an H-EXPERT harness — hand-built with full
# access to the candidate tasks and unlimited effort, never shipped, never tagged, never
# part of any loop — over the batch-eligible pool, under BOTH retrieval backends. Three
# decisions come out of it, all pre-registered in Phase 5.11 BEFORE any episode ran:
#   (a) BACKEND    freeze whichever gives the larger HARNESS HEADROOM (H_expert - H0),
#                  not the larger absolute score; a tie goes to openai_embeddings.
#   (b) GO/NO-GO   headroom <= 5 pp under BOTH backends means seq 12 is not run.
#   (c) ENVELOPE   power_envelope.py --headroom-pp <measured> must return REACHABLE.
#
# The protocol: block below is seq 10's, carried verbatim and INERT — the lock parser
# validates it, nothing in Phase 0 reads it. `benchmark.retrieval_config` is the one field
# Phase 0 moves, and moving it runs `make policy`, which rewrites the frozen <policy>
# region and so breaks byte-identity with h0-baseline. That is expected: the harness is
# unchanged and only the frozen benchmark text it carries moved. `h0-baseline` IS NOT
# RE-TAGGED during Phase 0 — the tag decision is the first step of the seq-12 freeze.
experiment:
  seq: 11
  name: ceiling-probe

benchmark:
  repository: sierra-research/tau2-bench
  # Exact commit, never a range: v1.0.1 changed banking_knowledge grading and task data,
  # and results either side of it are not comparable. This is the released point the
  # re-graded leaderboard entries correspond to.
  commit: fc0055dc4e0a316c3f83133267fbd6faaa770992
  tag: v1.0.1
  domain: banking_knowledge

  # Decides the agent's tool set *and* rewrites the policy text it is graded against, so it
  # is benchmark configuration, not harness. Improve how retrieval is *used* instead.
  #
  # DELIBERATE FREEZE (decided 2026-08-12). `bm25` is pinned knowingly, not as a
  # fallback: it is fully offline and needs no provider key at run or grade time. The accepted
  # cost is comparability — `bm25` changes both the tool set and the policy text, so no number
  # under this freeze is comparable with published τ-Knowledge results, and none is claimed;
  # contract/constraints.md records the caveat. Cross-generation comparison is unaffected (the
  # backend is constant by construction) and retrieval *usage* — query formulation, k,
  # iteration, stopping — stays mutable harness territory.
  # Re-deciding this value means a NEW experiment id, never a new value under this one.
  retrieval_config: openai_embeddings

  # `base` is a task *split*, not a task set: tau's --task-set-name defaults to the domain's
  # own set, and --task-split-name defaults to "base". Two values, not one — conflating them
  # was an early mistake, corrected in contract/constraints.md.
  task_set_name: banking_knowledge
  task_split_name: base

# The generation protocol's experiment configuration (SIA_EVALUATION_PLAN.md §3;
# self_improving_agent_evaluation_protocol.md §26). Frozen with everything else in this
# file: the partition manifest is proposed from these sizes and verified against them,
# and the distinct-task budget must fit the eligible pool — (G*B)+T under batch_mode
# fresh, B+T under fixed. Seq 10: 12 + 36 = **48 of 96 eligible** (97 minus the
# task_034 user-sim crasher), the largest partition the project has frozen. Under fixed
# mode G does not enter the budget, which is why G can move without touching the
# partition; the pool holds zero VIRGIN tasks, so every task here is declared reuse
# (benchmark/partition_reuse.yaml) rather than an accident — and under plan D33 what
# decides a held-out task's eligibility is zero IN-LOOP (batch) exposure plus the
# cross-experiment quarantine, not zero exposure of any kind.
#
# SIZING LINEAGE. D11 (2026-08-14, from results/experiment_002_bm25-sonnet46/
# SIZING_ANALYSIS.md) sized the powered tier G=5/B=8/T=28 at one trial per task and
# established the two rules that still bind: G is the strongest trend lever, and the
# noise band is stated wherever a curve renders. D18 replaced the trial regime — one
# knob, frozen.num_trials, governs both lanes; per-task cells are pass RATES and the
# aggregate is the mean per-task rate. The single-trial-era bands (±17 pp at T=8,
# ±9 pp at T=28, ±7 pp at T=47) are NOT reusable here: at T=36 x 3 trials the band is
# ≈ ±4.5 pp, and the measured identical-harness floor on a B=8x3 batch was
# 2 cells / 8.3 pp — recompute per scale, never carry a band forward.
#
# SEQ 10 SIZES (plan D34): G=8 with gen-001 pre-registered identity, B=12, T=36,
# num_trials 3. Rounds: 8 measured held-out (H0, H2…H8; H1 carries) x 36 x 3 = 864
# local episodes; 9 batch rounds x 12 x 3 = 324 platform episodes. Estimated ≈ $29 at
# seq-8 actuals, before the $2.57 pre-partition screen already spent.
protocol:
  generations: 8
  improvement_tasks_per_generation: 12
  held_out_tasks: 36

  # CARRIED FROM SEQ 5/6/8 (plan D17, re-affirmed by D23/D28, re-registered by D34): one
  # fixed batch task set — the SAME twelve tasks — measured under every generation, H8
  # included (batch_09 is H8's measurement-only endpoint round, consumed by no
  # transition). Fixed mode attacks the prerequisite question directly: can the
  # improvement loop fix what it stares at? Seq 5 answered no at two slots; seq 6 asked
  # again at six with composite sets and answered no; seq 8 asked through a stratified
  # batch and answered no — but by its own review the batch was SATURATED at its peak
  # round (15/15 non-walled cells passed) with only ~5 reachable failing cells to move.
  # Seq 10 removes that excuse: 17 reachable failing cells at H0, every non-anchor task
  # measured in the 1/3–2/3 band by the pre-partition screen, no walled task admitted.
  #
  # G = 8 with gen-001 pre-registered as an identity round (below): SEVEN mutation slots,
  # one more than seq 8, plus a designed A/A round — and G is the strongest trend lever
  # (D11), so each of the two curves gets eight points instead of seven for roughly $2.
  # Rounds: 8 measured held-out (H0, H2…H8; H1 carries) x 36 x 3 = 864 local episodes;
  # 9 batch rounds x 12 x 3 = 324 platform episodes.
  #
  # The batch curve is a PAIRED saturation curve (same tasks every generation); its
  # pre-registered PRIMARY is scripts/batch_curve.py's exact paired sign-flip endpoint
  # test on per-task rate deltas, H8's batch_09 vs the POOLED H0 baseline
  # (batch_01 + batch_02 — six trials per task, pooled because gen-001 is a
  # pre-registered identity), alpha 0.05, no interim looks. Movable = 10 of 12 (anchors
  # cannot move by construction; no walled task exists here), five movers needed, so the
  # attainable-p floor is 2^-10 — the envelope is committed at freeze to
  # gates/power_envelope.json and the gate refuses UNREACHABLE.
  #
  # The SECONDARY is the held-out trend (reveal's one-sided z over the eight measured
  # generations) read beside its fragility report — and under plan D33 it is a
  # CAPABILITY INSTRUMENT for the first time, not a transfer probe: all 36 held-out
  # tasks have ZERO in-loop batch exposure in every experiment, and the claim they
  # support rests on the stated PROCEDURAL basis (the cross-experiment firewall, declared
  # per source in benchmark/partition_reuse.yaml). Every T-based number states that basis.
  batch_mode: fixed

  # ONE PRE-REGISTERED BEHAVIOURAL-IDENTITY ROUND (plan D30 rule 2; lock-validated,
  # batch_mode fixed only). Generation 1 is identity BY DESIGN: H1 = H0, its held-out
  # measurement carries forward, its batch round (batch_02) is the A/A noise measurement,
  # and `make reveal` refuses the pre-registration dishonored. Registered at generation 1
  # it also pools the primary's baseline — batch_01 + batch_02, two x num_trials per task.
  # Seq 8 got its noise floor (2 cells / 8.3 pp on an identical harness) only by accident
  # of a change that never executed, and that number re-read every attribution the project
  # had ever made. Seq 10 measures it on purpose, before the first mutation.
  identity_generations: [1]

  # The full-quadrant reading key (plan D25 rule 3), pre-registered here because a key
  # written after the data exists is not a key. lock.py's READING_KEY_CELLS requires all
  # nine primary × secondary cells; a cell may declare its combination run-voiding, never
  # be absent. Seq 6 observed primary-down / secondary-up and had to adjudicate off-key;
  # seq 8 was read "the meta-agent is the problem" by a key with no language for a batch
  # the loop had nearly saturated.
  #
  # THE PRE-REGISTERED SUCCESS IS THE sig-up x sig-up CELL (plan D34): the batch primary
  # AND the held-out secondary both rising. Named before the first episode, so "what would
  # have counted as success" is not decided after the data exists.
  #
  # DIRECTION IS MECHANICAL, decided from the two committed artifacts, not by reading a
  # curve by eye:
  #   PRIMARY   (results/experiment_<id>/batch_curve.json, endpoint pair only)
  #     up   = sum(per-task rate deltas) > 0 AND the pre-registered one-sided exact test
  #            p < 0.05  (this is the experiment's single confirmatory rejection).
  #            The pair is H8's batch_09 vs the POOLED H0 baseline (batch_01 + batch_02).
  #     down = sum < 0 AND the MIRRORED enumeration P(sum <= observed) < 0.05. The mirror
  #            is a pre-registered DIRECTION RULE for reading the result, not a second
  #            hypothesis test: alpha is spent once, on the one-sided up test above.
  #     flat = anything else, including a non-significant sum of either sign.
  #   SECONDARY (held_out/trend_test.json, computed only at reveal)
  #     up = z >= +1.645 . down = z <= -1.645 . flat = otherwise. The trend runs over the
  #     eight measured generations (identity gen-001 excluded, its result carried).
  #     In every cell the fragility report (held_out/trend_fragility.json) qualifies the
  #     secondary before any sentence is written about it.
  #
  # THE CO-METRIC THAT DISAMBIGUATES A FLAT PRIMARY (plan D30 rule 4): the
  # REACHABLE-HARVEST fraction — non-walled batch cells passed, endpoint vs baseline,
  # emitted by scripts/batch_curve.py from the manifest's strata. Seq 10 froze no walled
  # task, so harvest runs over all 36 cells and its baseline is 19/36 = 52.8%. Every
  # flat-primary cell below reads it: harvest >= 90% says the objective's harness-reachable
  # range is spent and the next move is a pool or domain decision; harvest low says the
  # loop found nothing.
  #
  # THE NOISE FLOOR EVERY CELL IS READ AGAINST: batch_02 vs batch_01, the pre-registered
  # gen-001 identity pair (payload `noise_floor`). Seq 8's measured floor on a B=8x3 batch
  # was 2 cells / 8.3 pp; seq 10 measures its own on B=12x3 before the first mutation. An
  # attribution without a mechanism AND a counter is noise.
  #
  # Standing across all nine cells, stated once so no cell has to repeat it: results under
  # the D24 seam are NOT comparable to seq <= 6, and every claim the held-out lane carries
  # names its PROCEDURAL basis (plan D33) rather than an unqualified zero-exposure one.
  reading_key:
    primary_up_secondary_up: >-
      THE PRE-REGISTERED SUCCESS CELL, named before the first episode (plan D34). The loop
      improved the tasks it stared at AND the gain appeared on a held-out set the loop
      never tuned on. Seq 10 is the first freeze where this cell carries a capability
      claim rather than corroboration: T=36 is pure-holdout — every task in it has zero
      in-loop (batch) exposure in every experiment, and the D33 quarantine keeps prior
      held-out results out of in-loop recall without expiry — so the claim rests on the
      stated PROCEDURAL basis and says so, in those words, wherever it is reported. Report
      as: loop demonstrated on the batch (pre-registered primary, exact paired sign-flip
      batch_09 vs pooled batch_01+batch_02), with a concordant held-out trend over eight
      measured points read against its noise band and its fragility report. The closure
      names which changes moved which strata, whether any anchor paid for the gain, and
      what the identity round (gen-001) measured as the floor.
    primary_up_secondary_flat: >-
      The loop optimizes what it measures and the gain does not transfer — mutations are
      batch-shaped. The primary claim stands; NO capability claim is available, and the
      pure-holdout secondary makes that a stronger negative statement than seq 8's
      exposed-probe version could have been: this is a set the loop never touched, so a
      flat trend is evidence about generalization rather than a confound. The endpoint
      diagnosis asks per change whether its mechanism is task-specific, and the closure
      reports the batch win with the flat held-out curve as its principal limit.
    primary_up_secondary_down: >-
      The batch improved while the held-out set fell: overfitting with collateral damage,
      and on a pure-holdout lane this is the sharpest negative-transfer signal the project
      can produce. The primary verdict is positive and must be reported with the held-out
      decline as its headline caveat — never as a capability claim. The closure identifies
      the changes that plausibly traded breadth for the twelve, checks whether any of them
      carried a suppression risk its own falsifier had already flagged (the standing
      missing-state lesson), and states what the loop should have reverted.
    primary_flat_secondary_up: >-
      Null primary with a rising held-out curve. READ THE CO-METRIC FIRST. Reachable
      harvest ≥90% at the endpoint says the batch's harness-reachable range was already
      spent — the primary had nothing left to move and the secondary is the informative
      instrument; report the held-out trend against its band and fragility report, and
      the next decision is a pool or domain decision, not a loop repair. Harvest low says
      the loop failed on the tasks it watched while the held-out set moved anyway, which
      on eight measured points and a set with zero in-loop exposure is more likely noise
      or a general-capability drift than targeted transfer: run the fragility report
      before writing any sentence about the secondary, and claim nothing without it.
    primary_flat_secondary_flat: >-
      Null on both instruments. The co-metric decides which null this is, and this is the
      cell seq 10 was designed to disambiguate. Harvest ≥90%: the objective's
      harness-reachable range is EXHAUSTED — the loop passed what could be passed, and the
      verdict is about the objective, not the meta-agent; the next move is a pool or
      domain decision (the seq-12 path), stated as such. Harvest low (<90%) with ≥15
      reachable failing cells at baseline, an attainable power envelope, a measured noise
      floor and every surface class certified reachable: every precondition a prior null
      could be blamed on has been removed, and the closure says plainly that the loop
      found nothing. Name, per unconsumed target, the mechanism that was never reached.
    primary_flat_secondary_down: >-
      The batch held and the held-out set fell: the loop is doing harm outside what it
      watches. On a pure-holdout lane this is a first-class negative result about
      generalization, not a probe artifact. Report as negative; the endpoint diagnosis
      names the changes whose scope over-generalized, any surviving change refuted this
      way is recorded as a failed mutation, and the closure reads the decline against the
      identity round's measured noise floor before attributing it to any single change.
    primary_down_secondary_up: >-
      The batch regressed while the held-out set rose. With two anchors frozen in, the
      per-task cells say whether anchors broke (a real regression the loop caused) or only
      marginals and headroom moved; an anchor break is the regression channel doing its
      job and is reported as such. A held-out rise concurrent with a batch regression
      supports NO positive claim: read both against the identity round's floor, and treat
      the divergence itself as the finding — the closure states which changes are the
      candidates for each side.
    primary_down_secondary_flat: >-
      The loop actively damaged what it stared at while the held-out set stayed put.
      Report as a negative result and name the broken anchor or marginal cells; the
      endpoint diagnosis attributes them to specific surviving changes, and the closure
      records which revert the loop should have taken and did not — with the revert bar
      (a denied MECHANISM, not a denied prediction) applied to each in hindsight.
    primary_down_secondary_down: >-
      The loop made the harness worse on both instruments — the strongest negative result
      available, and under this design it cannot be blamed on the instrument. The closure
      states which surviving changes are the candidates, whether any generation's own
      falsifier had already fired unheeded, whether the concentration ladder pushed a
      change onto a surface whose adoption was never confirmed, and what the failure says
      about composite sets landing changes faster than the next batch can refute them.
  allow_within_batch_verification: true

  # The held-out firewall, stated as configuration: nothing about the held-out set —
  # tasks, trajectories, per-task rewards, aggregates — reaches the orchestrator before
  # reveal. Held-out trials per task are frozen.num_trials below — one knob, never two;
  # a held_out_trials_per_task key here is refused by the lock parser.
  holdout_visibility:
    expose_tasks_to_orchestrator: false
    expose_traces_to_orchestrator: false
    expose_per_task_results_to_orchestrator: false
    expose_aggregate_score_to_orchestrator: false

  # FALSE FOR SEQ 6 AND SEQ 8 (plan D23, re-registered by D28; both user-directed
  # 2026-08-16). Seq <= 5 ran with this true: a mutation lands as a PR a human reviews and merges, and the
  # agent never merges its own work (root CLAUDE.md's standing guardrail). Seq 6 tested
  # the loop at six generations with composite sets, and the user explicitly delegated
  # ALL in-loop decisions to the orchestrator — diagnose, compose the set, accept or
  # take an identity generation, open the PR, MERGE it, tag, proceed — through the
  # reveal. Seq 8 runs the same envelope by the same explicit user direction (D28),
  # which now also covers the per-clause adversarial wording review the orchestrator
  # performs on its own instruction text before landing it (schema v3, D26).
  #
  # The deviation lives HERE, in the freeze, rather than being waived at the §29
  # guardrail walk after the fact: seq 5 recorded human approval as "waived, not held",
  # which is an honest note about an unrecorded decision. This is the same fact
  # pre-registered. The guardrail walk reports it as frozen-false by D23.
  #
  # What the delegation does NOT cover, and the run still enforces mechanically: the
  # frozen surfaces above (a mid-run edit refuses every round), the partition, the
  # <policy> block, and the held-out firewall — autonomy is decision authority, never
  # access. Branch protection and CI stay on; a merge the required checks reject is a
  # blocked merge, not an overridden one.
  require_human_approval: false

frozen:
  # FROZEN directly at cut (plan D28, 2026-08-16): seq 8's parameters are user-fixed in
  # the directing prompt, and NOTHING IN THIS BLOCK MOVES — every value below is carried
  # from the seq-6 freeze unchanged, which is deliberate. Seq 8 changes the INSTRUMENT
  # (a stratified batch, a mechanical reading key) and inherits the seam change D24 made
  # between experiments; holding the measured surfaces constant is what keeps the batch
  # curve readable against seq 5's and seq 6's at all.
  #
  # No pilot precedes this freeze and the user-sim screen is NOT re-run: the model pair
  # is unchanged and the 2026-08-15 luna screen (97/97, benchmark/data/user_sim_screen.json)
  # is current — screening evidence is model-conditioned (D12/D13) and the condition
  # holds. This is D19's precedent, applied identically. task_034 stays excluded.
  #
  # What DID get bought before the cut, because D25 rule 1 requires strata measured under
  # the incumbent H0 rather than inherited from lifetime rates:
  # benchmark/probes/2026-08-16-anchor-calibration/ — 69 local episodes, $0.97, three
  # anchor-grade tasks found outside the held-out set, and two of the previously-named
  # marginal candidates measured BELOW the marginal band. The composition that resulted,
  # with every drop and its reason, is in benchmark/split_manifest.yaml's header.
  #
  # Start gate: `make reset_h0` (the recipe is already byte-identical to `h0-baseline`
  # at the D27 scaffold commit b76f274 — seq-6 mutations are evidence, not inheritance),
  # then `make gate_a0a` and `make gate_seam` before the first episode is spent. A.0a is
  # blocking per experiment AND newly load-bearing here: D24 changed the adapter's
  # semantics between experiments, so the suite covering the changed semantics must pass
  # before any seq-8 result exists.
  #
  # PROVISIONAL for seq 11 (Phase 0): no freeze snapshot is written or enforced, because
  # there is no freeze — these are probes. Seq 12 is cut FROZEN afterwards, with the
  # backend Phase 0 chose in its name.
  status: PROVISIONAL

  # The model that actually serves the agent. Authoritative copy lives in
  # target-agent/agents/agent.yaml; the runner refuses to start if the two disagree, which
  # is what stops a later generation "improving" by quietly upgrading its own model.
  #
  # gpt-5.6-luna at medium thinking — D12's intended pair, RESTORED by D14 per D13's
  # return clause once the platform fixed its sandbox serializer (it emitted OpenAI's
  # retired `reasoning.level` for any thinking level; the fix rides the sandbox stack
  # baked into runtime images, so verification requires a POST-fix image — the span of
  # the first episode on one must show `reasoning.effort`). The
  # inference-cost rationale and the sensitivity trade are D12's, unchanged: if luna
  # performs the harness behaviours natively, mutations move the score less; the B1
  # read (D8) guards both failure modes (0/B = strengthen H0, B/B = the model choice
  # re-opens). Calibration of record is the CORRECTED-H0 luna pilot (D16, 2026-08-15:
  # baseline 6/28 = 21.4%, $0.022/local episode —
  # results/experiment_004_powered-bm25-luna56/CALIBRATION_PILOT.md). The earlier 003
  # pilot measured a seq-2-contaminated harness (its arm carried the g1-g3 SYSTEM.md
  # mutations; the h0-baseline tag has since been corrected and reset_h0 verifies
  # byte-identity); the D13 haiku
  # detour is archived at results/experiment_003_powered-bm25-haiku45/.
  agent_model: openai/gpt-5.6-luna
  # null = the ai:-spelled recipe omits thinking_level (user decision at the merge of
  # probe/ai-no-thinking, 2026-08-15). The assertion pins the ABSENCE; whether the
  # platform sandbox injects a default reasoning parameter for this shape is exactly
  # what the next platform episode's span must show.
  agent_thinking_level: null

  # tau requires --agent-llm, but our agent takes its model from the recipe, so this value
  # is declared and unused. Kept equal to agent_model so the file cannot read misleadingly.
  agent_llm_declared: openai/gpt-5.6-luna

  # The user simulator moves scores as much as the agent model does, with no harness change
  # at all. It is a comparison variable in its own right.
  #
  # gpt-5.6-luna here too (D12/D14): one model pair, one provider, minimum surface.
  # The reproducibility knob is surrendered knowingly: luna rejects `temperature: 0.0`
  # exactly as Sonnet 5 did (HTTP 400, verified 2026-08-14), so the simulator samples
  # at the provider default and this half of the environment is stochastic per
  # episode — absorbed by D2's task-pooling. (The D13 haiku detour briefly restored
  # the knob; it leaves with haiku.) The seq-2 user-sim screening evidence is
  # model-conditioned and is re-run at the start gate.
  user_llm: openai/gpt-5.6-luna

  # `timeout` is a per-attempt request ceiling, not a preference. tau sets litellm's
  # `num_retries` but never a `timeout`, so a stalled provider response blocks with no bound:
  # one user-simulator call in the first banking run hung for 601s while the agent side of the
  # same episode used 48s in total. Unbounded here makes wall-clock per generation
  # unpredictable, which is exactly what the cost-and-time budget cannot absorb.
  #
  # 60s is roughly five times the slowest healthy call observed (~12s), so a legitimate call is
  # never cut while a stall now costs 60s and a retry instead of ten minutes.
  #
  # This mapping REPLACES tau's DEFAULT_LLM_ARGS_USER rather than merging with it — every
  # key the simulator should run with must be listed here. `temperature` is deliberately
  # ABSENT: gpt-5.6-luna rejects any non-default value (see the note on user_llm above).
  # `reasoning_effort` reaches litellm verbatim (user_simulator.py passes llm_args
  # through) and is the medium-effort half of D12.
  user_llm_args:
    reasoning_effort: medium
    timeout: 60

  # 3 per plan D18 (2026-08-15), revising D2's value while keeping its structure: ONE
  # knob governing trials on every round type, batches and held-out alike. D2 chose 1
  # trial and pooled across tasks because trials were unaffordable at Sonnet prices;
  # seq 4 then paid D2's stated cost in full — every cell a coin flip, the whole curve
  # inside single-trial sampling noise (endpoint -7.1pp, trend p=0.802, all consistent
  # with no effect). At luna's measured ~$0.022/episode the affordability objection is
  # gone, so each per-task cell becomes a pass RATE (0..3/3): the noise band tightens
  # ±9 -> ±5 pp at T=28, a batch task at 1/3 hands diagnosis a passing and a failing
  # transcript of the SAME harness on the SAME task, and cross-generation flips become
  # attributable. The aggregate stays the mean per-task rate — the same quantity seq 4
  # estimated, comparably — and pass^k is still never used for generations (guardrail
  # 15; within-generation pass@3/pass^3 are legitimate per-task reliability texture).
  num_trials: 3
  seed: 300

  # Execution budgets. Exactly how a later generation can "improve" by being allowed to do
  # more, so they are frozen and reported rather than tuned.
  max_steps: 200
  max_errors: 10

  # Per-simulation wallclock ceiling, tau's TextRunConfig.timeout. Note this is *not*
  # --max-steps-seconds: that flag only configures audio-native runs, where it is divided
  # by the tick duration. It has no effect in text mode, so freezing it would freeze
  # nothing (contract/constraints.md records the correction).
  timeout_seconds: 600

  # Whether tau ends an episode when an assistant message carries both text and tool calls.
  # On the frozen list because it decides whether a protocol violation is graded at all, so
  # flipping it moves scores with no harness change.
  #
  # Left at tau's own default of false, which is the setting stock runs use and therefore the
  # comparable one. The adapter still forwards such messages unaltered, so the narration is
  # recorded in the trajectory even though tau never delivers it to the user — the harness
  # behaviour stays visible in the evidence rather than being repaired out of existence.
  enforce_communication_protocol: false

# Operational defaults — recorded configuration that is deliberately OUTSIDE the freeze:
# the fingerprint excludes this block (tau_adapter/experiment.py), so editing a value here
# is never freeze drift and never refuses a run.
operational:
  # Episodes in flight at once. Re-decided 2026-08-13 (user): an OPERATIONAL knob, not an
  # execution budget — parallelism moves wall-clock, never what the agent can do inside an
  # episode (each episode is independent and graded alone), so it lives outside the frozen
  # block and the freeze fingerprint. This value is the recorded default; any run may
  # override it with --max-concurrency (1 = serial), and the effective value lands in
  # run_metadata.json so every record still names its configuration. Episodes rendezvous on
  # per-episode bridge channels (tool_bridge.py) on both lanes — contract/constraints.md
  # § Platform-lane concurrency has the platform mechanism. A round can never use more
  # workers than it has episodes (tau's pool idles past the task count), so a generous
  # default is safe: held-out rounds run T-wide on the local lane, which has no sandbox
  # constraint. Platform BATCH rounds take --max-concurrency 3 from the batch target
  # instead (4 -> 3 at the seq-6 freeze; no org sandbox quota exists — misdiagnosis
  # corrected 2026-08-14, and 4-wide validated clean 2026-08-15; see
  # contract/constraints.md § Platform-lane concurrency):
  # the remaining hazard is the heavy-tailed provisioning burst (100-650s observed at
  # 3-wide, vs 35-90s healthy) against the transport's 240s queue budget, whose tau
  # retries are noise a diagnosis round must not carry — drop the value per run if a
  # round shows that churn. Caveat, documented not gated: high N contends on
  # provider rate limits (2N provider streams), which can convert throttling into infra
  # retries.
  #
  # 8 -> 3 (2026-08-16, seq-6 freeze, user-directed and deliberately conservative). The
  # local held-out lane has never shown an incident at 8 or 10, so this is margin bought
  # with wall-clock rather than a response to evidence: seq 6 runs 588 local and 168
  # platform episodes unattended, and a round that has to be re-run costs far more than
  # the parallelism saves. `make batch` pins 3 for the same reason (see the batch
  # target's own note). Raising it mid-experiment is legal — this block is outside the
  # freeze fingerprint — but the autonomous run does not do it to save time.
  #
  # Prior value's rationale, kept because it names the ceiling that was found:
  # 10 -> 8 (2026-08-15, seq-5 restart). Not a response to a local-lane incident — the
  # discarded H0 held-out round ran 84 episodes 10-wide with ZERO incidents, so the local
  # lane's own evidence says 10 was fine. It is margin, taken deliberately after the seam's
  # real ceiling was found: every MCP tools/call parks TWO threads (channel resolution,
  # then the rendezvous), drawn from asyncio's DEFAULT executor at min(32, cpu_count + 4)
  # — 16 on the 12-core host, i.e. a hidden ~8-episode cap that belonged to the machine
  # rather than to any recorded value.
  #
  # CEILING STATUS (final, post-seq-5): REMOVED by the call-site executor —
  # ToolBridge._in_bridge_pool gives the two parking hops their own pool sized from the
  # round's concurrency, with no event-loop surgery (the same-day set_default_executor
  # attempt was reverted during the disconnect scare; contract/constraints.md § The seam's
  # own thread ceiling has the full arc). `bridge_executor_workers` in run_metadata.json
  # records the pool in use. The remaining practical constraints at any width are provider
  # streams (2N) and sandbox provisioning latency — and note the seam timeouts seen at
  # 4-wide in seq 5's batches were daemon patience against slow rendezvous, which no
  # thread count fixes; bridge_calls.jsonl carries the park durations that attribute them.
  #
  # Platform BATCH rounds still take --max-concurrency 4 from the `make batch` target, and
  # that number now carries evidence in both directions: 4-wide validated clean 2026-08-15,
  # while 8-wide produced one 300s rendezvous stall in a 24-episode round (task_028, τ
  # retried, succeeded) — consistent with the thread ceiling above, since a sandbox round-trip
  # parks a bridge thread far longer than a local call does.
  max_concurrency: 3

  # Which tool names count as which behavioral signature in the derived process metrics
  # (plan D25; tau_adapter/process_metrics.py `tool_classes_from_lock`). Operational —
  # outside the freeze fingerprint — because these names configure derived DIAGNOSTICS,
  # never what the agent can do inside an episode; the code stays domain-agnostic and
  # this block says what "search", "transfer", and "capability discovery" mean for the
  # frozen domain. The user's own discoverable calls are deliberately not listed: they
  # measure the simulated user, not the harness.
  # REVIEWED for the seq-8 freeze (the D25/Phase-5.7 checklist item) and left UNCHANGED,
  # deliberately: five of seq 8's eight batch tasks carry discoverable-tool gold actions,
  # so the counter matters more here than it did in seq 6 — and comparability of the
  # counter across the two experiments is worth more than completeness. `list_discoverable
  # _agent_tools` is in the tool_catalog and is NOT added: it records that the agent
  # LOOKED, while these three record that it ACTED, and collapsing the two would blunt
  # exactly the handover-procedure distinction the headroom tier exists to test. If a
  # round's diagnosis wants the looking count it is one grep over bridge_calls.jsonl,
  # outside the pre-registered channels.
  process_metric_tools:
    search: KB_search
    transfer: transfer_to_human_agents
    discoverable:
      - unlock_discoverable_agent_tool
      - call_discoverable_agent_tool
      - give_discoverable_user_tool

# Written by `make policy`. The pre-commit hook and CI compare sha256 against the
# <policy> block of target-agent/SYSTEM.md; the adapter additionally compares the block
# against the live env.get_policy() at episode start.
policy:
  sha256: 0ed5b335e24f46d00b83e3a534909f0417f97f1b440e98ea41ae6bb2e62879cb
  source_domain: banking_knowledge
  source_retrieval_config: openai_embeddings

# Written by `make policy`. The bridge asserts the live tau tool set matches this list
# exactly before the first episode, so a change to the graded tool surface cannot pass
# unnoticed through the agent's `include: ["*"]`.
tool_catalog:
  - KB_search
  - transfer_to_human_agents
  - get_current_time
  - get_user_information_by_id
  - get_user_information_by_name
  - get_user_information_by_email
  - change_user_email
  - get_referrals_by_user
  - get_credit_card_transactions_by_user
  - get_credit_card_accounts_by_user
  - log_verification
  - give_discoverable_user_tool
  - unlock_discoverable_agent_tool
  - call_discoverable_agent_tool
  - list_discoverable_agent_tools
