# Frozen surfaces for one experiment.
#
# contract/constraints.md holds the rules and the reasoning; this file holds only the
# values, so that "frozen" is checkable rather than aspirational. Every field here is
# asserted mechanically before a run starts — nothing in this file is documentation.
#
# Changing any value invalidates cross-generation comparison. Start a new experiment
# instead, and say so in the results directory.

# "Say so in the results directory" is mechanical, not aspirational: seq + name derive the
# experiment id (`<seq, zero-padded to 3>_<name>`, here 002_bm25-sonnet46) naming the freeze
# the values below define, and every run writes under results/experiment_<id>/<generation>/
# — the runner refuses any other results/ path. One experiment is one freeze: re-deciding a
# frozen value means bumping `seq` here (a NEW experiment), never a new value under the old
# one; `name` is a configuration nickname and may repeat across experiments — the sequence
# is the identity — which is why seq 2 keeps 001's name: same model pair, same retrieval
# freeze, new protocol. Experiment 001 closed 2026-08-13 as the bring-up freeze
# (results/experiment_001_bm25-sonnet46/README.md — working tree cleared 2026-08-13,
# in git history); seq 2 is the generation protocol's
# debug experiment (SIA_EVALUATION_PLAN.md D3), opened PROVISIONAL 2026-08-13 so plan
# Phases 2-3 have a runnable context, values final when Phase 4 freezes it.
experiment:
  seq: 2
  name: bm25-sonnet46

benchmark:
  repository: sierra-research/tau2-bench
  # Exact commit, never a range: v1.0.1 changed banking_knowledge grading and task data,
  # and results either side of it are not comparable. This is the released point the
  # re-graded leaderboard entries correspond to.
  commit: fc0055dc4e0a316c3f83133267fbd6faaa770992
  tag: v1.0.1
  domain: banking_knowledge

  # Decides the agent's tool set *and* rewrites the policy text it is graded against, so it
  # is benchmark configuration, not harness. Improve how retrieval is *used* instead.
  #
  # DELIBERATE FREEZE (decided 2026-08-12). `bm25` is pinned knowingly, not as a
  # fallback: it is fully offline and needs no provider key at run or grade time. The accepted
  # cost is comparability — `bm25` changes both the tool set and the policy text, so no number
  # under this freeze is comparable with published τ-Knowledge results, and none is claimed;
  # contract/constraints.md records the caveat. Cross-generation comparison is unaffected (the
  # backend is constant by construction) and retrieval *usage* — query formulation, k,
  # iteration, stopping — stays mutable harness territory.
  # Re-deciding this value means a NEW experiment id, never a new value under this one.
  retrieval_config: bm25

  # `base` is a task *split*, not a task set: tau's --task-set-name defaults to the domain's
  # own set, and --task-split-name defaults to "base". Two values, not one — conflating them
  # was an early mistake, corrected in contract/constraints.md.
  task_set_name: banking_knowledge
  task_split_name: base

# The generation protocol's experiment configuration (SIA_EVALUATION_PLAN.md §3;
# self_improving_agent_evaluation_protocol.md §26). Frozen with everything else in this
# file: the partition manifest is proposed from these sizes and verified against them,
# and (G*B)+T must fit the domain's 97 tasks. Debug scale per D3 — seq 2 proves the loop
# end to end before the full G=5/B=10/T=47 experiment freezes under the next seq.
protocol:
  generations: 3
  improvement_tasks_per_generation: 3
  held_out_tasks: 5

  # Re-running the just-consumed batch after a mutation would be intervention
  # verification, never generalization (protocol §15). Off for the debug experiment —
  # the loop stays maximally simple and every batch is spent exactly once.
  allow_within_batch_verification: false

  # The held-out firewall, stated as configuration: nothing about the held-out set —
  # tasks, trajectories, per-task rewards, aggregates — reaches the orchestrator before
  # reveal. Held-out trials per task are frozen.num_trials below — one knob, never two;
  # a held_out_trials_per_task key here is refused by the lock parser.
  holdout_visibility:
    expose_tasks_to_orchestrator: false
    expose_traces_to_orchestrator: false
    expose_per_task_results_to_orchestrator: false
    expose_aggregate_score_to_orchestrator: false

  # Every mutation lands as a PR a human reviews and merges; the agent never merges its
  # own work. The merge commit is the next generation.
  require_human_approval: true

frozen:
  # PROVISIONAL while experiment 002 is brought up (SIA_EVALUATION_PLAN.md Phases 1-3):
  # no freeze snapshot is written or enforced, and nothing under
  # results/experiment_002_bm25-sonnet46/ is a citable record yet. Plan Phase 4 finalizes
  # the values and flips this to FROZEN; from that first run on, the snapshot in the
  # results directory refuses any drift. Changing a value after that means a NEW
  # experiment (bump seq), never a new value under this one.
  status: PROVISIONAL

  # The model that actually serves the agent. Authoritative copy lives in
  # target-agent/agents/agent.yaml; the runner refuses to start if the two disagree, which
  # is what stops a later generation "improving" by quietly upgrading its own model.
  #
  # Sonnet 4.6 deliberately, and NOT Sonnet 5, despite Sonnet 5 being cheaper per unit of work
  # (~13%: $2/$10 per MTok against $3/$15, offset by its newer tokenizer's ~30% token inflation)
  # and stronger on agentic work. The reason is experimental sensitivity, not cost.
  #
  # The improvement orchestrator is expected to discover from evidence things like:
  # retrieval discipline, query reformulation, policy extraction, prerequisite checking,
  # plan-before-write, post-action verification. Sonnet 5 performs much of that natively —
  # adaptive thinking is on by default and it is explicitly trained for agentic
  # self-verification. A harness change that adds those behaviours explicitly would therefore
  # move the score *less* on Sonnet 5: the model compensates for the harness deficiency the
  # experiment exists to detect. A model that does not already do them leaves the harness as
  # the binding constraint, which is what we are trying to measure.
  #
  # Still provisional in one respect: H0 must show basic competence or the comparative
  # method loses its successful controls. Under the generation protocol the viability read
  # is the first improvement batch, which is visible by design (SIA_EVALUATION_PLAN.md D8);
  # if H0 lands at 0/B, strengthen H0 before reconsidering this.
  agent_model: anthropic/claude-sonnet-4-6
  agent_thinking_level: low

  # tau requires --agent-llm, but our agent takes its model from the recipe, so this value
  # is declared and unused. Kept equal to agent_model so the file cannot read misleadingly.
  agent_llm_declared: anthropic/claude-sonnet-4-6

  # The user simulator moves scores as much as the agent model does, with no harness change
  # at all. It is a comparison variable in its own right.
  #
  # Anthropic by necessity as well as by choice: of the three provider keys on this machine,
  # OpenAI returns 429 billing_not_active and Gemini fails authentication.
  #
  # Also not Sonnet 5, for an independent reason that outlives the agent-side choice above:
  # Sonnet 5 rejects non-default sampling parameters, and `temperature: 0.0` — tau's own
  # default for the user simulator (config.py: DEFAULT_LLM_ARGS_USER) — returns a 400,
  # verified. Running the simulator on Sonnet 5 would mean giving up the one knob that makes
  # this half of the environment reproducible. The agent side has no such conflict, because Pi
  # owns its sampling and tau's llm_args never reach it.
  user_llm: anthropic/claude-sonnet-4-5

  # `timeout` is a per-attempt request ceiling, not a preference. tau sets litellm's
  # `num_retries` but never a `timeout`, so a stalled provider response blocks with no bound:
  # one user-simulator call in the first banking run hung for 601s while the agent side of the
  # same episode used 48s in total. Unbounded here makes wall-clock per generation
  # unpredictable, which is exactly what the cost-and-time budget cannot absorb.
  #
  # 60s is roughly five times the slowest healthy call observed (~12s), so a legitimate call is
  # never cut while a stall now costs 60s and a retry instead of ten minutes.
  #
  # `temperature` is tau's own default for the user simulator and is restored here explicitly:
  # this mapping REPLACES tau's DEFAULT_LLM_ARGS_USER rather than merging with it, so listing
  # only `timeout` silently ran the simulator at the provider's default temperature. This is
  # also the value Sonnet 5 rejects — see the note on user_llm above.
  user_llm_args:
    temperature: 0.0
    timeout: 60

  # 1 per SIA_EVALUATION_PLAN.md D2: every task runs once, and statistical power comes
  # from pooling across the held-out set rather than repeating one task — deltas inside
  # the binomial noise band (±7 pp at T=47) are noise, and pass^k is never used for
  # generations. 4 was experiment 001's doctrine, motivated by episode-level reward being
  # a draw (ten runs of one task split 6/4 — in git history); D2 reverses it. This value
  # is also the held-out trials per task — the one knob; the protocol block above
  # deliberately has no second one.
  num_trials: 1
  seed: 300

  # Execution budgets. Exactly how a later generation can "improve" by being allowed to do
  # more, so they are frozen and reported rather than tuned.
  max_steps: 200
  max_errors: 10

  # Per-simulation wallclock ceiling, tau's TextRunConfig.timeout. Note this is *not*
  # --max-steps-seconds: that flag only configures audio-native runs, where it is divided
  # by the tick duration. It has no effect in text mode, so freezing it would freeze
  # nothing (contract/constraints.md records the correction).
  timeout_seconds: 600

  # Episodes in flight at once. Re-decided 2026-08-13 (user): an OPERATIONAL knob, not an
  # execution budget — parallelism moves wall-clock, never what the agent can do inside an
  # episode (each episode is independent and graded alone), so it is unfrozen from the
  # budget doctrine. This value is the recorded default; any run may override it with
  # --max-concurrency (1 = serial), and the effective value lands in run_metadata.json so
  # every record still names its configuration. Episodes rendezvous on per-episode bridge
  # channels (tool_bridge.py) on both lanes — contract/constraints.md § Platform-lane
  # concurrency has the platform mechanism. Caveat, documented not gated: high N contends
  # on provider rate limits (2N Anthropic streams), which can convert throttling into
  # infra retries inside episodes.
  max_concurrency: 10

  # Whether tau ends an episode when an assistant message carries both text and tool calls.
  # On the frozen list because it decides whether a protocol violation is graded at all, so
  # flipping it moves scores with no harness change.
  #
  # Left at tau's own default of false, which is the setting stock runs use and therefore the
  # comparable one. The adapter still forwards such messages unaltered, so the narration is
  # recorded in the trajectory even though tau never delivers it to the user — the harness
  # behaviour stays visible in the evidence rather than being repaired out of existence.
  enforce_communication_protocol: false

# Written by `make policy`. The pre-commit hook and CI compare sha256 against the
# <policy> block of target-agent/SYSTEM.md; the adapter additionally compares the block
# against the live env.get_policy() at episode start.
policy:
  sha256: 9c660d4354d7cb0858dd03dae0ad6ace1c25c181a07440b519442c48517fb176
  source_domain: banking_knowledge
  source_retrieval_config: bm25

# Written by `make policy`. The bridge asserts the live tau tool set matches this list
# exactly before the first episode, so a change to the graded tool surface cannot pass
# unnoticed through the agent's `include: ["*"]`.
tool_catalog:
  - KB_search
  - transfer_to_human_agents
  - get_current_time
  - get_user_information_by_id
  - get_user_information_by_name
  - get_user_information_by_email
  - change_user_email
  - get_referrals_by_user
  - get_credit_card_transactions_by_user
  - get_credit_card_accounts_by_user
  - log_verification
  - give_discoverable_user_tool
  - unlock_discoverable_agent_tool
  - call_discoverable_agent_tool
  - list_discoverable_agent_tools
